PODS:
  - BmobSDK (2.3.1)
  - SVProgressHUD (2.2.5)

DEPENDENCIES:
  - BmobSDK (~> 2.3.1)
  - SVProgressHUD (~> 2.2.5)

SPEC REPOS:
  https://github.com/cocoapods/specs.git:
    - BmobSDK
    - SVProgressHUD

SPEC CHECKSUMS:
  BmobSDK: e0f9e4b451233a80af63a8ae4f2d239474bf567b
  SVProgressHUD: 1428aafac632c1f86f62aa4243ec12008d7a51d6

PODFILE CHECKSUM: 778b480bd2ea7d27eef0008a010d7928a1b7d26a

COCOAPODS: 1.5.3
